<?xml version="1.0" encoding="utf-8"?>
<Project ToolsVersion="4.0" xmlns="http://schemas.microsoft.com/developer/msbuild/2003">
  <ItemGroup>
    <ClCompile Include="AAMFit.cpp">
      <Filter>Source Files</Filter>
    </ClCompile>
    <ClCompile Include="IFaceTracker.cpp">
      <Filter>Source Files</Filter>
    </ClCompile>
    <ClCompile Include="ExpressionClassifier.cpp">
      <Filter>Source Files</Filter>
    </ClCompile>
    <ClCompile Include="FaceTrackerUtil.cpp">
      <Filter>Source Files</Filter>
    </ClCompile>
    <ClCompile Include="FacialFeatures.cpp">
      <Filter>Source Files</Filter>
    </ClCompile>
    <ClCompile Include="HeadPose.cpp">
      <Filter>Source Files</Filter>
    </ClCompile>
  </ItemGroup>
  <ItemGroup>
    <ClInclude Include="AAMFit.h">
      <Filter>Header files</Filter>
    </ClInclude>
    <ClInclude Include="ExpressionClassifier.h">
      <Filter>Header files</Filter>
    </ClInclude>
    <ClInclude Include="FaceTrackerUtil.h">
      <Filter>Header files</Filter>
    </ClInclude>
    <ClInclude Include="FacialFeatures.h">
      <Filter>Header files</Filter>
    </ClInclude>
    <ClInclude Include="IFaceTracker.h">
      <Filter>Header files</Filter>
    </ClInclude>
    <ClInclude Include="HeadPose.h">
      <Filter>Header files</Filter>
    </ClInclude>
  </ItemGroup>
  <ItemGroup>
    <Filter Include="Header files">
      <UniqueIdentifier>{b3c232f8-63fc-4630-8fc2-4f6fd89943d0}</UniqueIdentifier>
    </Filter>
    <Filter Include="Source Files">
      <UniqueIdentifier>{2bd8ea9c-be88-4c5e-b1d2-4614b8840124}</UniqueIdentifier>
    </Filter>
  </ItemGroup>
</Project>