<?xml version="1.0" encoding="utf-8"?>
<Project ToolsVersion="4.0" xmlns="http://schemas.microsoft.com/developer/msbuild/2003">
  <ItemGroup>
    <Filter Include="Algorithms">
      <UniqueIdentifier>{11e9eb94-b758-43de-beeb-ceef703d3ca3}</UniqueIdentifier>
    </Filter>
    <Filter Include="Algorithms\TestAlgorithm">
      <UniqueIdentifier>{bf6c51ee-1df4-4112-acaa-1f168d466103}</UniqueIdentifier>
    </Filter>
    <Filter Include="Algorithms\Algorithm">
      <UniqueIdentifier>{6822e47d-cccb-40ae-9e97-ba7a7bea7bdf}</UniqueIdentifier>
    </Filter>
    <Filter Include="Modules">
      <UniqueIdentifier>{f0639ecb-ef13-4e99-9b4c-2766bbdb3fee}</UniqueIdentifier>
    </Filter>
    <Filter Include="Modules\Source">
      <UniqueIdentifier>{41e4dfa0-bae4-471e-a7d9-e6254bc2e25f}</UniqueIdentifier>
    </Filter>
    <Filter Include="Modules\Module">
      <UniqueIdentifier>{93a4fed8-37f1-4941-afdf-ea94b658d13a}</UniqueIdentifier>
    </Filter>
    <Filter Include="Modules\Module\HaarDetector">
      <UniqueIdentifier>{7ab7c5db-5905-404f-9b9a-ae4a5e85c72a}</UniqueIdentifier>
    </Filter>
    <Filter Include="Modules\Message">
      <UniqueIdentifier>{39839cfa-2cf9-4ebf-b4a1-d8ff96177aac}</UniqueIdentifier>
    </Filter>
    <Filter Include="Modules\Source\SingleSource">
      <UniqueIdentifier>{51d87714-5fe6-4541-a2cc-df40a344c924}</UniqueIdentifier>
    </Filter>
    <Filter Include="Modules\Source\SourceLimiter">
      <UniqueIdentifier>{20c15cc0-381c-4b9a-9b5e-fe4d2d0788ea}</UniqueIdentifier>
    </Filter>
  </ItemGroup>
  <ItemGroup>
    <ClCompile Include="TestAlgorithm.cpp">
      <Filter>Algorithms\TestAlgorithm</Filter>
    </ClCompile>
    <ClCompile Include="Algorithm.cpp">
      <Filter>Algorithms\Algorithm</Filter>
    </ClCompile>
    <ClCompile Include="AlgorithmFactory.cpp">
      <Filter>Algorithms\Algorithm</Filter>
    </ClCompile>
    <ClCompile Include="ModuleFactory.cpp">
      <Filter>Modules</Filter>
    </ClCompile>
    <ClCompile Include="HaarDetectorBody.cpp">
      <Filter>Modules\Module\HaarDetector</Filter>
    </ClCompile>
    <ClCompile Include="HaarDetectorNode.cpp">
      <Filter>Modules\Module\HaarDetector</Filter>
    </ClCompile>
    <ClCompile Include="ImageWrapper.cpp">
      <Filter>Modules\Message</Filter>
    </ClCompile>
    <ClCompile Include="SourceBody.cpp">
      <Filter>Modules\Source\SingleSource</Filter>
    </ClCompile>
    <ClCompile Include="SourceNode.cpp">
      <Filter>Modules\Source\SingleSource</Filter>
    </ClCompile>
    <ClCompile Include="SourceLimiterNode.cpp">
      <Filter>Modules\Source\SourceLimiter</Filter>
    </ClCompile>
    <ClCompile Include="LimitDecrementerBody.cpp">
      <Filter>Modules\Source\SourceLimiter</Filter>
    </ClCompile>
  </ItemGroup>
  <ItemGroup>
    <ClInclude Include="TestAlgorithm.h">
      <Filter>Algorithms\TestAlgorithm</Filter>
    </ClInclude>
    <ClInclude Include="Algorithm.h">
      <Filter>Algorithms\Algorithm</Filter>
    </ClInclude>
    <ClInclude Include="AlgorithmFactory.h">
      <Filter>Algorithms\Algorithm</Filter>
    </ClInclude>
    <ClInclude Include="ModuleFactory.h">
      <Filter>Modules</Filter>
    </ClInclude>
    <ClInclude Include="HaarDetectorBody.h">
      <Filter>Modules\Module\HaarDetector</Filter>
    </ClInclude>
    <ClInclude Include="HaarDetectorNode.h">
      <Filter>Modules\Module\HaarDetector</Filter>
    </ClInclude>
    <ClInclude Include="ImageWrapper.h">
      <Filter>Modules\Message</Filter>
    </ClInclude>
    <ClInclude Include="SourceNode.h">
      <Filter>Modules\Source\SingleSource</Filter>
    </ClInclude>
    <ClInclude Include="SourceBody.h">
      <Filter>Modules\Source\SingleSource</Filter>
    </ClInclude>
    <ClInclude Include="SourceLimiterNode.h">
      <Filter>Modules\Source\SourceLimiter</Filter>
    </ClInclude>
    <ClInclude Include="LimitDecrementerBody.h">
      <Filter>Modules\Source\SourceLimiter</Filter>
    </ClInclude>
  </ItemGroup>
</Project>