
Microsoft Visual Studio Solution File, Format Version 11.00
# Visual Studio 2010
Project("{8BC9CEB8-8B4A-11D0-8D11-00A0C91BC942}") = "Face", "Face\Face.vcxproj", "{410D0F43-08BF-4FBA-8BF4-663C02BC09F0}"
	ProjectSection(ProjectDependencies) = postProject
		{859A3EA8-9D19-45FB-AF8F-6FE8E71F0F52} = {859A3EA8-9D19-45FB-AF8F-6FE8E71F0F52}
		{D348F6C0-9DA9-430E-B42B-5874344E6B2F} = {D348F6C0-9DA9-430E-B42B-5874344E6B2F}
	EndProjectSection
EndProject
Project("{8BC9CEB8-8B4A-11D0-8D11-00A0C91BC942}") = "Core", "Core\Core.vcxproj", "{859A3EA8-9D19-45FB-AF8F-6FE8E71F0F52}"
EndProject
Project("{8BC9CEB8-8B4A-11D0-8D11-00A0C91BC942}") = "Modules", "Modules\Modules.vcxproj", "{D348F6C0-9DA9-430E-B42B-5874344E6B2F}"
	ProjectSection(ProjectDependencies) = postProject
		{859A3EA8-9D19-45FB-AF8F-6FE8E71F0F52} = {859A3EA8-9D19-45FB-AF8F-6FE8E71F0F52}
	EndProjectSection
EndProject
Global
	GlobalSection(SolutionConfigurationPlatforms) = preSolution
		Debug|Win32 = Debug|Win32
		Release|Win32 = Release|Win32
	EndGlobalSection
	GlobalSection(ProjectConfigurationPlatforms) = postSolution
		{410D0F43-08BF-4FBA-8BF4-663C02BC09F0}.Debug|Win32.ActiveCfg = Debug|Win32
		{410D0F43-08BF-4FBA-8BF4-663C02BC09F0}.Debug|Win32.Build.0 = Debug|Win32
		{410D0F43-08BF-4FBA-8BF4-663C02BC09F0}.Release|Win32.ActiveCfg = Release|Win32
		{410D0F43-08BF-4FBA-8BF4-663C02BC09F0}.Release|Win32.Build.0 = Release|Win32
		{859A3EA8-9D19-45FB-AF8F-6FE8E71F0F52}.Debug|Win32.ActiveCfg = Debug|Win32
		{859A3EA8-9D19-45FB-AF8F-6FE8E71F0F52}.Debug|Win32.Build.0 = Debug|Win32
		{859A3EA8-9D19-45FB-AF8F-6FE8E71F0F52}.Release|Win32.ActiveCfg = Release|Win32
		{859A3EA8-9D19-45FB-AF8F-6FE8E71F0F52}.Release|Win32.Build.0 = Release|Win32
		{D348F6C0-9DA9-430E-B42B-5874344E6B2F}.Debug|Win32.ActiveCfg = Debug|Win32
		{D348F6C0-9DA9-430E-B42B-5874344E6B2F}.Debug|Win32.Build.0 = Debug|Win32
		{D348F6C0-9DA9-430E-B42B-5874344E6B2F}.Release|Win32.ActiveCfg = Release|Win32
		{D348F6C0-9DA9-430E-B42B-5874344E6B2F}.Release|Win32.Build.0 = Release|Win32
	EndGlobalSection
	GlobalSection(SolutionProperties) = preSolution
		HideSolutionNode = FALSE
	EndGlobalSection
EndGlobal
