<?xml version="1.0" encoding="utf-8"?>
<Project ToolsVersion="4.0" xmlns="http://schemas.microsoft.com/developer/msbuild/2003">
  <ItemGroup>
    <ClCompile Include="AAM_Basic.cpp">
      <Filter>Source Files</Filter>
    </ClCompile>
    <ClCompile Include="AAM_Util.cpp">
      <Filter>Source Files</Filter>
    </ClCompile>
    <ClCompile Include="AAM_CAM.cpp">
      <Filter>Source Files</Filter>
    </ClCompile>
    <ClCompile Include="AAM_IC.cpp">
      <Filter>Source Files</Filter>
    </ClCompile>
    <ClCompile Include="AAM_PAW.cpp">
      <Filter>Source Files</Filter>
    </ClCompile>
    <ClCompile Include="AAM_PDM.cpp">
      <Filter>Source Files</Filter>
    </ClCompile>
    <ClCompile Include="AAM_Shape.cpp">
      <Filter>Source Files</Filter>
    </ClCompile>
    <ClCompile Include="AAM_TDM.cpp">
      <Filter>Source Files</Filter>
    </ClCompile>
  </ItemGroup>
  <ItemGroup>
    <ClInclude Include="AAM_Basic.h">
      <Filter>Header Files</Filter>
    </ClInclude>
    <ClInclude Include="AAM_CAM.h">
      <Filter>Header Files</Filter>
    </ClInclude>
    <ClInclude Include="AAM_IC.h">
      <Filter>Header Files</Filter>
    </ClInclude>
    <ClInclude Include="AAM_PAW.h">
      <Filter>Header Files</Filter>
    </ClInclude>
    <ClInclude Include="AAM_PDM.h">
      <Filter>Header Files</Filter>
    </ClInclude>
    <ClInclude Include="AAM_Shape.h">
      <Filter>Header Files</Filter>
    </ClInclude>
    <ClInclude Include="AAM_TDM.h">
      <Filter>Header Files</Filter>
    </ClInclude>
    <ClInclude Include="AAM_Util.h">
      <Filter>Header Files</Filter>
    </ClInclude>
  </ItemGroup>
  <ItemGroup>
    <Filter Include="Header Files">
      <UniqueIdentifier>{acfca215-e481-4f7b-8b76-2dfcd087581b}</UniqueIdentifier>
    </Filter>
    <Filter Include="Source Files">
      <UniqueIdentifier>{bb2bdf10-6797-444c-8c0c-b84394a8dbe0}</UniqueIdentifier>
    </Filter>
  </ItemGroup>
</Project>